
Microsoft Visual Studio Solution File, Format Version 12.00
# Visual Studio Version 17
VisualStudioVersion = 17.1.32421.90
MinimumVisualStudioVersion = 10.0.40219.1
Project("{FAE04EC0-301F-11D3-BF4B-00C04F79EFBC}") = "P03_Aggregate_Operators", "P03_Aggregate_Operators.csproj", "{AF5EB920-2213-4CE7-AC2D-0F6AEE04E738}"
EndProject
Global
	GlobalSection(SolutionConfigurationPlatforms) = preSolution
		Debug|Any CPU = Debug|Any CPU
		Release|Any CPU = Release|Any CPU
	EndGlobalSection
	GlobalSection(ProjectConfigurationPlatforms) = postSolution
		{AF5EB920-2213-4CE7-AC2D-0F6AEE04E738}.Debug|Any CPU.ActiveCfg = Debug|Any CPU
		{AF5EB920-2213-4CE7-AC2D-0F6AEE04E738}.Debug|Any CPU.Build.0 = Debug|Any CPU
		{AF5EB920-2213-4CE7-AC2D-0F6AEE04E738}.Release|Any CPU.ActiveCfg = Release|Any CPU
		{AF5EB920-2213-4CE7-AC2D-0F6AEE04E738}.Release|Any CPU.Build.0 = Release|Any CPU
	EndGlobalSection
	GlobalSection(SolutionProperties) = preSolution
		HideSolutionNode = FALSE
	EndGlobalSection
	GlobalSection(ExtensibilityGlobals) = postSolution
		SolutionGuid = {4D45389E-8DAD-45CA-B739-0E23FAA20130}
	EndGlobalSection
EndGlobal
