
Microsoft Visual Studio Solution File, Format Version 12.00
# Visual Studio Version 17
VisualStudioVersion = 17.1.32421.90
MinimumVisualStudioVersion = 10.0.40219.1
Project("{FAE04EC0-301F-11D3-BF4B-00C04F79EFBC}") = "P06_Set_Operators", "P06_Set_Operators.csproj", "{FD236B58-24AB-4AC7-9A0E-7C1F2FA5CC6A}"
EndProject
Global
	GlobalSection(SolutionConfigurationPlatforms) = preSolution
		Debug|Any CPU = Debug|Any CPU
		Release|Any CPU = Release|Any CPU
	EndGlobalSection
	GlobalSection(ProjectConfigurationPlatforms) = postSolution
		{FD236B58-24AB-4AC7-9A0E-7C1F2FA5CC6A}.Debug|Any CPU.ActiveCfg = Debug|Any CPU
		{FD236B58-24AB-4AC7-9A0E-7C1F2FA5CC6A}.Debug|Any CPU.Build.0 = Debug|Any CPU
		{FD236B58-24AB-4AC7-9A0E-7C1F2FA5CC6A}.Release|Any CPU.ActiveCfg = Release|Any CPU
		{FD236B58-24AB-4AC7-9A0E-7C1F2FA5CC6A}.Release|Any CPU.Build.0 = Release|Any CPU
	EndGlobalSection
	GlobalSection(SolutionProperties) = preSolution
		HideSolutionNode = FALSE
	EndGlobalSection
	GlobalSection(ExtensibilityGlobals) = postSolution
		SolutionGuid = {E429536C-DA3B-443A-957F-6FD8D7E48EDC}
	EndGlobalSection
EndGlobal
