
Microsoft Visual Studio Solution File, Format Version 12.00
# Visual Studio Version 17
VisualStudioVersion = 17.1.32421.90
MinimumVisualStudioVersion = 10.0.40219.1
Project("{FAE04EC0-301F-11D3-BF4B-00C04F79EFBC}") = "assignment 01", "assignment 01.csproj", "{F78CD0F3-F3FB-47EE-91C3-CEDD412A4DB2}"
EndProject
Global
	GlobalSection(SolutionConfigurationPlatforms) = preSolution
		Debug|Any CPU = Debug|Any CPU
		Release|Any CPU = Release|Any CPU
	EndGlobalSection
	GlobalSection(ProjectConfigurationPlatforms) = postSolution
		{F78CD0F3-F3FB-47EE-91C3-CEDD412A4DB2}.Debug|Any CPU.ActiveCfg = Debug|Any CPU
		{F78CD0F3-F3FB-47EE-91C3-CEDD412A4DB2}.Debug|Any CPU.Build.0 = Debug|Any CPU
		{F78CD0F3-F3FB-47EE-91C3-CEDD412A4DB2}.Release|Any CPU.ActiveCfg = Release|Any CPU
		{F78CD0F3-F3FB-47EE-91C3-CEDD412A4DB2}.Release|Any CPU.Build.0 = Release|Any CPU
	EndGlobalSection
	GlobalSection(SolutionProperties) = preSolution
		HideSolutionNode = FALSE
	EndGlobalSection
	GlobalSection(ExtensibilityGlobals) = postSolution
		SolutionGuid = {C8407944-F44A-4544-857A-412F2D2660D3}
	EndGlobalSection
EndGlobal
