
Microsoft Visual Studio Solution File, Format Version 12.00
# Visual Studio Version 17
VisualStudioVersion = 17.2.32616.157
MinimumVisualStudioVersion = 10.0.40219.1
Project("{FAE04EC0-301F-11D3-BF4B-00C04F79EFBC}") = "Demo", "Demo\Demo.csproj", "{9022D54F-0A10-491E-87AF-7585FC64FCC7}"
EndProject
Project("{FAE04EC0-301F-11D3-BF4B-00C04F79EFBC}") = "Core", "Core\Core.csproj", "{1D838878-D260-443A-BDEA-BD9477EC1B08}"
EndProject
Project("{FAE04EC0-301F-11D3-BF4B-00C04F79EFBC}") = "Infrastructure", "Infrastructure\Infrastructure.csproj", "{D824659B-B9D2-40AE-83C4-3A9E26FC7C20}"
EndProject
Global
	GlobalSection(SolutionConfigurationPlatforms) = preSolution
		Debug|Any CPU = Debug|Any CPU
		Release|Any CPU = Release|Any CPU
	EndGlobalSection
	GlobalSection(ProjectConfigurationPlatforms) = postSolution
		{9022D54F-0A10-491E-87AF-7585FC64FCC7}.Debug|Any CPU.ActiveCfg = Debug|Any CPU
		{9022D54F-0A10-491E-87AF-7585FC64FCC7}.Debug|Any CPU.Build.0 = Debug|Any CPU
		{9022D54F-0A10-491E-87AF-7585FC64FCC7}.Release|Any CPU.ActiveCfg = Release|Any CPU
		{9022D54F-0A10-491E-87AF-7585FC64FCC7}.Release|Any CPU.Build.0 = Release|Any CPU
		{1D838878-D260-443A-BDEA-BD9477EC1B08}.Debug|Any CPU.ActiveCfg = Debug|Any CPU
		{1D838878-D260-443A-BDEA-BD9477EC1B08}.Debug|Any CPU.Build.0 = Debug|Any CPU
		{1D838878-D260-443A-BDEA-BD9477EC1B08}.Release|Any CPU.ActiveCfg = Release|Any CPU
		{1D838878-D260-443A-BDEA-BD9477EC1B08}.Release|Any CPU.Build.0 = Release|Any CPU
		{D824659B-B9D2-40AE-83C4-3A9E26FC7C20}.Debug|Any CPU.ActiveCfg = Debug|Any CPU
		{D824659B-B9D2-40AE-83C4-3A9E26FC7C20}.Debug|Any CPU.Build.0 = Debug|Any CPU
		{D824659B-B9D2-40AE-83C4-3A9E26FC7C20}.Release|Any CPU.ActiveCfg = Release|Any CPU
		{D824659B-B9D2-40AE-83C4-3A9E26FC7C20}.Release|Any CPU.Build.0 = Release|Any CPU
	EndGlobalSection
	GlobalSection(SolutionProperties) = preSolution
		HideSolutionNode = FALSE
	EndGlobalSection
	GlobalSection(ExtensibilityGlobals) = postSolution
		SolutionGuid = {4A7F1443-DDD8-4762-97DA-613E98D88838}
	EndGlobalSection
EndGlobal
