
Microsoft Visual Studio Solution File, Format Version 12.00
# Visual Studio Version 17
VisualStudioVersion = 17.1.32421.90
MinimumVisualStudioVersion = 10.0.40219.1
Project("{FAE04EC0-301F-11D3-BF4B-00C04F79EFBC}") = "P03_Delegate_Ex03", "P03_Delegate_Ex03.csproj", "{883291F1-E09F-4B8E-A3E9-6663201FC234}"
EndProject
Global
	GlobalSection(SolutionConfigurationPlatforms) = preSolution
		Debug|Any CPU = Debug|Any CPU
		Release|Any CPU = Release|Any CPU
	EndGlobalSection
	GlobalSection(ProjectConfigurationPlatforms) = postSolution
		{883291F1-E09F-4B8E-A3E9-6663201FC234}.Debug|Any CPU.ActiveCfg = Debug|Any CPU
		{883291F1-E09F-4B8E-A3E9-6663201FC234}.Debug|Any CPU.Build.0 = Debug|Any CPU
		{883291F1-E09F-4B8E-A3E9-6663201FC234}.Release|Any CPU.ActiveCfg = Release|Any CPU
		{883291F1-E09F-4B8E-A3E9-6663201FC234}.Release|Any CPU.Build.0 = Release|Any CPU
	EndGlobalSection
	GlobalSection(SolutionProperties) = preSolution
		HideSolutionNode = FALSE
	EndGlobalSection
	GlobalSection(ExtensibilityGlobals) = postSolution
		SolutionGuid = {9E20AC3E-9E71-4D03-822B-E9181259EF9A}
	EndGlobalSection
EndGlobal
